{
  "name": "rigpig",
  "version": "1.0.0",
  "lockfileVersion": 2,
  "requires": true,
  "packages": {
    "": {
      "name": "rigpig",
      "version": "1.0.0",
      "license": "ISC",
      "dependencies": {
        "net-snmp": "^3.5.8",
        "ping": "^0.4.1"
      }
    },
    "node_modules/asn1-ber": {
      "version": "1.1.2",
      "resolved": "https://registry.npmjs.org/asn1-ber/-/asn1-ber-1.1.2.tgz",
      "integrity": "sha512-Od+n6T81QRi6XT5YOkFWlYUbyE0LGfULZTmRqUalcICYXOfZ1h/CJ/xKZ2nGK1LTvFHPMKtKcmRRIUKf3vkvPA=="
    },
    "node_modules/net-snmp": {
      "version": "3.5.8",
      "resolved": "https://registry.npmjs.org/net-snmp/-/net-snmp-3.5.8.tgz",
      "integrity": "sha512-SPMn8jE9QXD9QUMOzEeEEXAYZtRIX3zUyPDewZmRRZ0Qgx9t42H90VQG165tG32/MglU8gCoRWoBsGapyN75Jg==",
      "dependencies": {
        "asn1-ber": "*",
        "smart-buffer": "^4.1.0"
      }
    },
    "node_modules/ping": {
      "version": "0.4.1",
      "resolved": "https://registry.npmjs.org/ping/-/ping-0.4.1.tgz",
      "integrity": "sha512-zYouogtyis0QpEZwWY1T26iuIOMJx+ajtjVMcPKIdWRq2Ie3Ftkbel8I25M5kCAQQMQhsez6ZbPiYjNe7aBjSQ==",
      "dependencies": {
        "q": "1.x",
        "underscore": "^1.12.0"
      },
      "engines": {
        "node": ">=4.0.0"
      }
    },
    "node_modules/q": {
      "version": "1.5.1",
      "resolved": "https://registry.npmjs.org/q/-/q-1.5.1.tgz",
      "integrity": "sha1-fjL3W0E4EpHQRhHxvxQQmsAGUdc=",
      "engines": {
        "node": ">=0.6.0",
        "teleport": ">=0.2.0"
      }
    },
    "node_modules/smart-buffer": {
      "version": "4.2.0",
      "resolved": "https://registry.npmjs.org/smart-buffer/-/smart-buffer-4.2.0.tgz",
      "integrity": "sha512-94hK0Hh8rPqQl2xXc3HsaBoOXKV20MToPkcXvwbISWLEs+64sBq5kFgn2kJDHb1Pry9yrP0dxrCI9RRci7RXKg==",
      "engines": {
        "node": ">= 6.0.0",
        "npm": ">= 3.0.0"
      }
    },
    "node_modules/underscore": {
      "version": "1.13.1",
      "resolved": "https://registry.npmjs.org/underscore/-/underscore-1.13.1.tgz",
      "integrity": "sha512-hzSoAVtJF+3ZtiFX0VgfFPHEDRm7Y/QPjGyNo4TVdnDTdft3tr8hEkD25a1jC+TjTuE7tkHGKkhwCgs9dgBB2g=="
    }
  },
  "dependencies": {
    "asn1-ber": {
      "version": "1.1.2",
      "resolved": "https://registry.npmjs.org/asn1-ber/-/asn1-ber-1.1.2.tgz",
      "integrity": "sha512-Od+n6T81QRi6XT5YOkFWlYUbyE0LGfULZTmRqUalcICYXOfZ1h/CJ/xKZ2nGK1LTvFHPMKtKcmRRIUKf3vkvPA=="
    },
    "net-snmp": {
      "version": "3.5.8",
      "resolved": "https://registry.npmjs.org/net-snmp/-/net-snmp-3.5.8.tgz",
      "integrity": "sha512-SPMn8jE9QXD9QUMOzEeEEXAYZtRIX3zUyPDewZmRRZ0Qgx9t42H90VQG165tG32/MglU8gCoRWoBsGapyN75Jg==",
      "requires": {
        "asn1-ber": "*",
        "smart-buffer": "^4.1.0"
      }
    },
    "ping": {
      "version": "0.4.1",
      "resolved": "https://registry.npmjs.org/ping/-/ping-0.4.1.tgz",
      "integrity": "sha512-zYouogtyis0QpEZwWY1T26iuIOMJx+ajtjVMcPKIdWRq2Ie3Ftkbel8I25M5kCAQQMQhsez6ZbPiYjNe7aBjSQ==",
      "requires": {
        "q": "1.x",
        "underscore": "^1.12.0"
      }
    },
    "q": {
      "version": "1.5.1",
      "resolved": "https://registry.npmjs.org/q/-/q-1.5.1.tgz",
      "integrity": "sha1-fjL3W0E4EpHQRhHxvxQQmsAGUdc="
    },
    "smart-buffer": {
      "version": "4.2.0",
      "resolved": "https://registry.npmjs.org/smart-buffer/-/smart-buffer-4.2.0.tgz",
      "integrity": "sha512-94hK0Hh8rPqQl2xXc3HsaBoOXKV20MToPkcXvwbISWLEs+64sBq5kFgn2kJDHb1Pry9yrP0dxrCI9RRci7RXKg=="
    },
    "underscore": {
      "version": "1.13.1",
      "resolved": "https://registry.npmjs.org/underscore/-/underscore-1.13.1.tgz",
      "integrity": "sha512-hzSoAVtJF+3ZtiFX0VgfFPHEDRm7Y/QPjGyNo4TVdnDTdft3tr8hEkD25a1jC+TjTuE7tkHGKkhwCgs9dgBB2g=="
    }
  }
}
